<?xml version="1.0" encoding="utf-8"?>
<Project ToolsVersion="4.0" xmlns="http://schemas.microsoft.com/developer/msbuild/2003">
  <ItemGroup>
    <Filter Include="Source Files">
      <UniqueIdentifier>{4FC737F1-C7A5-4376-A066-2A32D752A2FF}</UniqueIdentifier>
      <Extensions>cpp;c;cc;cxx;def;odl;idl;hpj;bat;asm;asmx</Extensions>
    </Filter>
  </ItemGroup>
  <ItemGroup>
    <ClCompile Include="..\examples\authorizer.c">
      <Filter>Source Files</Filter>
    </ClCompile>
    <ClCompile Include="..\examples\echo.c">
      <Filter>Source Files</Filter>
    </ClCompile>
    <ClCompile Include="..\examples\echo-cpp.cpp">
      <Filter>Source Files</Filter>
    </ClCompile>
    <ClCompile Include="..\examples\echo-x.c">
      <Filter>Source Files</Filter>
    </ClCompile>
    <ClCompile Include="..\examples\hello_world.cpp">
      <Filter>Source Files</Filter>
    </ClCompile>
    <ClCompile Include="..\examples\log-dump.c">
      <Filter>Source Files</Filter>
    </ClCompile>
    <ClCompile Include="..\examples\prime_counter_demo.cpp">
      <Filter>Source Files</Filter>
    </ClCompile>
    <ClCompile Include="..\examples\size.c">
      <Filter>Source Files</Filter>
    </ClCompile>
    <ClCompile Include="..\examples\threaded.c">
      <Filter>Source Files</Filter>
    </ClCompile>
    <ClCompile Include="..\examples\signal_handler_setting.cpp">
      <Filter>Source Files</Filter>
    </ClCompile>
  </ItemGroup>
  <ItemGroup>
    <ClInclude Include="..\examples\signal_handler_setting.h">
      <Filter>Source Files</Filter>
    </ClInclude>
  </ItemGroup>
</Project>